
Microsoft Visual Studio Solution File, Format Version 12.00
# Visual Studio Version 16
VisualStudioVersion = 16.0.31019.35
MinimumVisualStudioVersion = 10.0.40219.1
Project("{9A19103F-16F7-4668-BE54-9A1E7A4F7556}") = "DonorSystem", "DonorSystem\DonorSystem.csproj", "{9C375F1E-D1D3-410F-9684-355045EAF3AA}"
EndProject
Project("{9A19103F-16F7-4668-BE54-9A1E7A4F7556}") = "DonorSystem.Tests", "DonorSystem.Tests\DonorSystem.Tests.csproj", "{69CE95EB-7326-4793-9B7C-D00369867F45}"
EndProject
Global
	GlobalSection(SolutionConfigurationPlatforms) = preSolution
		Debug|Any CPU = Debug|Any CPU
		Release|Any CPU = Release|Any CPU
	EndGlobalSection
	GlobalSection(ProjectConfigurationPlatforms) = postSolution
		{9C375F1E-D1D3-410F-9684-355045EAF3AA}.Debug|Any CPU.ActiveCfg = Debug|Any CPU
		{9C375F1E-D1D3-410F-9684-355045EAF3AA}.Debug|Any CPU.Build.0 = Debug|Any CPU
		{9C375F1E-D1D3-410F-9684-355045EAF3AA}.Release|Any CPU.ActiveCfg = Release|Any CPU
		{9C375F1E-D1D3-410F-9684-355045EAF3AA}.Release|Any CPU.Build.0 = Release|Any CPU
		{69CE95EB-7326-4793-9B7C-D00369867F45}.Debug|Any CPU.ActiveCfg = Debug|Any CPU
		{69CE95EB-7326-4793-9B7C-D00369867F45}.Debug|Any CPU.Build.0 = Debug|Any CPU
		{69CE95EB-7326-4793-9B7C-D00369867F45}.Release|Any CPU.ActiveCfg = Release|Any CPU
		{69CE95EB-7326-4793-9B7C-D00369867F45}.Release|Any CPU.Build.0 = Release|Any CPU
	EndGlobalSection
	GlobalSection(SolutionProperties) = preSolution
		HideSolutionNode = FALSE
	EndGlobalSection
	GlobalSection(ExtensibilityGlobals) = postSolution
		SolutionGuid = {2DD61AF3-8CF2-451D-87F0-61E521A2FC8B}
	EndGlobalSection
EndGlobal
